{
  "name": "esa",
  "version": "0.1.0",
  "lockfileVersion": 3,
  "requires": true,
  "packages": {
    "": {
      "name": "esa",
      "version": "0.1.0",
      "license": "MIT",
      "dependencies": {
        "ea": "^0.5.0"
      },
      "bin": {
        "ea": "bin/ea.js",
        "esa": "bin/esa.js"
      }
    },
    "node_modules/component-type": {
      "version": "1.2.2",
      "resolved": "https://registry.npmjs.org/component-type/-/component-type-1.2.2.tgz",
      "integrity": "sha512-99VUHREHiN5cLeHm3YLq312p6v+HUEcwtLCAtelvUDI6+SH5g5Cr85oNR2S1o6ywzL0ykMbuwLzM2ANocjEOIA==",
      "license": "MIT",
      "funding": {
        "url": "https://github.com/sponsors/sindresorhus"
      }
    },
    "node_modules/ea": {
      "version": "0.5.0",
      "resolved": "https://registry.npmjs.org/ea/-/ea-0.5.0.tgz",
      "integrity": "sha512-tdRie/cbEuiz3nXRiDKC/Jn4D8zDslxYONY/RzXjVSvbEWtUW2wuQ94nznH5Ke/qoh56KSsttcuAVi8vVjkCHQ==",
      "deprecated": "Package no longer supported. Contact Support at https://www.npmjs.com/support for more info.",
      "license": "MIT",
      "dependencies": {
        "component-type": "^1.1.0"
      }
    }
  }
}
